
Microsoft Visual Studio Solution File, Format Version 12.00
# Visual Studio Version 17
VisualStudioVersion = 17.6.33723.286
MinimumVisualStudioVersion = 10.0.40219.1
Project("{FAE04EC0-301F-11D3-BF4B-00C04F79EFBC}") = "CRUD_Clientes", "CRUD_Clientes\CRUD_Clientes.csproj", "{BFCA7AF8-D720-4B34-96B2-3831504331DE}"
EndProject
Project("{FAE04EC0-301F-11D3-BF4B-00C04F79EFBC}") = "CRUD_ClientesTeste", "CRUD_ClientesTeste\CRUD_ClientesTeste.csproj", "{EBB814AF-8312-4F8E-BE2A-30E35A9492D9}"
EndProject
Global
	GlobalSection(SolutionConfigurationPlatforms) = preSolution
		Debug|Any CPU = Debug|Any CPU
		Release|Any CPU = Release|Any CPU
	EndGlobalSection
	GlobalSection(ProjectConfigurationPlatforms) = postSolution
		{BFCA7AF8-D720-4B34-96B2-3831504331DE}.Debug|Any CPU.ActiveCfg = Debug|Any CPU
		{BFCA7AF8-D720-4B34-96B2-3831504331DE}.Debug|Any CPU.Build.0 = Debug|Any CPU
		{BFCA7AF8-D720-4B34-96B2-3831504331DE}.Release|Any CPU.ActiveCfg = Release|Any CPU
		{BFCA7AF8-D720-4B34-96B2-3831504331DE}.Release|Any CPU.Build.0 = Release|Any CPU
		{EBB814AF-8312-4F8E-BE2A-30E35A9492D9}.Debug|Any CPU.ActiveCfg = Debug|Any CPU
		{EBB814AF-8312-4F8E-BE2A-30E35A9492D9}.Debug|Any CPU.Build.0 = Debug|Any CPU
		{EBB814AF-8312-4F8E-BE2A-30E35A9492D9}.Release|Any CPU.ActiveCfg = Release|Any CPU
		{EBB814AF-8312-4F8E-BE2A-30E35A9492D9}.Release|Any CPU.Build.0 = Release|Any CPU
	EndGlobalSection
	GlobalSection(SolutionProperties) = preSolution
		HideSolutionNode = FALSE
	EndGlobalSection
	GlobalSection(ExtensibilityGlobals) = postSolution
		SolutionGuid = {ABACA322-0E5E-4F8F-8793-1853B24FBE93}
	EndGlobalSection
EndGlobal
